// !$*UTF8*$!
{
	archiveVersion = 1;
	classes = {
	};
	objectVersion = 50;
	objects = {

/* Begin PBXBuildFile section */
		6109A0EA23E0155700A6F8E0 /* adresss.swift in Sources */ = {isa = PBXBuildFile; fileRef = 6109A0E923E0155700A6F8E0 /* adresss.swift */; };
		6109A0F123E0381200A6F8E0 /* home.swift in Sources */ = {isa = PBXBuildFile; fileRef = 6109A0F023E0381200A6F8E0 /* home.swift */; };
		6128480223E1821E0084DAD2 /* detailview.swift in Sources */ = {isa = PBXBuildFile; fileRef = 6128480123E1821E0084DAD2 /* detailview.swift */; };
		612F21A323E41543008871BD /* mert.png in Resources */ = {isa = PBXBuildFile; fileRef = 612F21A223E41543008871BD /* mert.png */; };
		613D690B23E1686300EC8D2D /* Webservice.swift in Sources */ = {isa = PBXBuildFile; fileRef = 613D690A23E1686300EC8D2D /* Webservice.swift */; };
		613D690D23E1689000EC8D2D /* user.swift in Sources */ = {isa = PBXBuildFile; fileRef = 613D690C23E1689000EC8D2D /* user.swift */; };
		613D690F23E16A4600EC8D2D /* cardview.swift in Sources */ = {isa = PBXBuildFile; fileRef = 613D690E23E16A4600EC8D2D /* cardview.swift */; };
		61E2C22523DEE9F500EA331C /* todo.swift in Sources */ = {isa = PBXBuildFile; fileRef = 61E2C22423DEE9F500EA331C /* todo.swift */; };
		61E2C23723DF084B00EA331C /* Launch Screen.storyboard in Resources */ = {isa = PBXBuildFile; fileRef = 61E2C23623DF084B00EA331C /* Launch Screen.storyboard */; };
		61E2C24123E0087E00EA331C /* ContentViewAdvance.swift in Sources */ = {isa = PBXBuildFile; fileRef = 61E2C24023E0087E00EA331C /* ContentViewAdvance.swift */; };
		ADB609FE23A550DB00334C64 /* AppDelegate.swift in Sources */ = {isa = PBXBuildFile; fileRef = ADB609FD23A550DB00334C64 /* AppDelegate.swift */; };
		ADB60A0023A550DB00334C64 /* SceneDelegate.swift in Sources */ = {isa = PBXBuildFile; fileRef = ADB609FF23A550DB00334C64 /* SceneDelegate.swift */; };
		ADB60A0323A550DB00334C64 /* todo.xcdatamodeld in Sources */ = {isa = PBXBuildFile; fileRef = ADB60A0123A550DB00334C64 /* todo.xcdatamodeld */; };
		ADB60A0523A550DB00334C64 /* ContentView.swift in Sources */ = {isa = PBXBuildFile; fileRef = ADB60A0423A550DB00334C64 /* ContentView.swift */; };
		ADB60A0723A550E000334C64 /* Assets.xcassets in Resources */ = {isa = PBXBuildFile; fileRef = ADB60A0623A550E000334C64 /* Assets.xcassets */; };
		ADB60A0A23A550E000334C64 /* Preview Assets.xcassets in Resources */ = {isa = PBXBuildFile; fileRef = ADB60A0923A550E000334C64 /* Preview Assets.xcassets */; };
		ADB60A1823A550E000334C64 /* todoTests.swift in Sources */ = {isa = PBXBuildFile; fileRef = ADB60A1723A550E000334C64 /* todoTests.swift */; };
		ADB60A2323A550E000334C64 /* todoUITests.swift in Sources */ = {isa = PBXBuildFile; fileRef = ADB60A2223A550E000334C64 /* todoUITests.swift */; };
/* End PBXBuildFile section */

/* Begin PBXContainerItemProxy section */
		ADB60A1423A550E000334C64 /* PBXContainerItemProxy */ = {
			isa = PBXContainerItemProxy;
			containerPortal = ADB609F223A550DB00334C64 /* Project object */;
			proxyType = 1;
			remoteGlobalIDString = ADB609F923A550DB00334C64;
			remoteInfo = todo;
		};
		ADB60A1F23A550E000334C64 /* PBXContainerItemProxy */ = {
			isa = PBXContainerItemProxy;
			containerPortal = ADB609F223A550DB00334C64 /* Project object */;
			proxyType = 1;
			remoteGlobalIDString = ADB609F923A550DB00334C64;
			remoteInfo = todo;
		};
/* End PBXContainerItemProxy section */

/* Begin PBXFileReference section */
		6109A0E923E0155700A6F8E0 /* adresss.swift */ = {isa = PBXFileReference; lastKnownFileType = sourcecode.swift; path = adresss.swift; sourceTree = "<group>"; };
		6109A0F023E0381200A6F8E0 /* home.swift */ = {isa = PBXFileReference; lastKnownFileType = sourcecode.swift; path = home.swift; sourceTree = "<group>"; };
		6128480123E1821E0084DAD2 /* detailview.swift */ = {isa = PBXFileReference; lastKnownFileType = sourcecode.swift; path = detailview.swift; sourceTree = "<group>"; };
		612F21A223E41543008871BD /* mert.png */ = {isa = PBXFileReference; lastKnownFileType = image.png; path = mert.png; sourceTree = SOURCE_ROOT; };
		613D690A23E1686300EC8D2D /* Webservice.swift */ = {isa = PBXFileReference; lastKnownFileType = sourcecode.swift; path = Webservice.swift; sourceTree = "<group>"; };
		613D690C23E1689000EC8D2D /* user.swift */ = {isa = PBXFileReference; lastKnownFileType = sourcecode.swift; path = user.swift; sourceTree = "<group>"; };
		613D690E23E16A4600EC8D2D /* cardview.swift */ = {isa = PBXFileReference; lastKnownFileType = sourcecode.swift; path = cardview.swift; sourceTree = "<group>"; };
		61E2C22423DEE9F500EA331C /* todo.swift */ = {isa = PBXFileReference; lastKnownFileType = sourcecode.swift; path = todo.swift; sourceTree = "<group>"; };
		61E2C23623DF084B00EA331C /* Launch Screen.storyboard */ = {isa = PBXFileReference; lastKnownFileType = file.storyboard; path = "Launch Screen.storyboard"; sourceTree = "<group>"; };
		61E2C24023E0087E00EA331C /* ContentViewAdvance.swift */ = {isa = PBXFileReference; lastKnownFileType = sourcecode.swift; path = ContentViewAdvance.swift; sourceTree = "<group>"; };
		ADB609FA23A550DB00334C64 /* Beta Konfeksiyon.app */ = {isa = PBXFileReference; explicitFileType = wrapper.application; includeInIndex = 0; path = "Beta Konfeksiyon.app"; sourceTree = BUILT_PRODUCTS_DIR; };
		ADB609FD23A550DB00334C64 /* AppDelegate.swift */ = {isa = PBXFileReference; lastKnownFileType = sourcecode.swift; path = AppDelegate.swift; sourceTree = "<group>"; };
		ADB609FF23A550DB00334C64 /* SceneDelegate.swift */ = {isa = PBXFileReference; lastKnownFileType = sourcecode.swift; path = SceneDelegate.swift; sourceTree = "<group>"; };
		ADB60A0223A550DB00334C64 /* todo.xcdatamodel */ = {isa = PBXFileReference; lastKnownFileType = wrapper.xcdatamodel; path = todo.xcdatamodel; sourceTree = "<group>"; };
		ADB60A0423A550DB00334C64 /* ContentView.swift */ = {isa = PBXFileReference; lastKnownFileType = sourcecode.swift; path = ContentView.swift; sourceTree = "<group>"; };
		ADB60A0623A550E000334C64 /* Assets.xcassets */ = {isa = PBXFileReference; lastKnownFileType = folder.assetcatalog; path = Assets.xcassets; sourceTree = "<group>"; };
		ADB60A0923A550E000334C64 /* Preview Assets.xcassets */ = {isa = PBXFileReference; lastKnownFileType = folder.assetcatalog; path = "Preview Assets.xcassets"; sourceTree = "<group>"; };
		ADB60A0E23A550E000334C64 /* Info.plist */ = {isa = PBXFileReference; lastKnownFileType = text.plist.xml; path = Info.plist; sourceTree = "<group>"; };
		ADB60A1323A550E000334C64 /* todoTests.xctest */ = {isa = PBXFileReference; explicitFileType = wrapper.cfbundle; includeInIndex = 0; path = todoTests.xctest; sourceTree = BUILT_PRODUCTS_DIR; };
		ADB60A1723A550E000334C64 /* todoTests.swift */ = {isa = PBXFileReference; lastKnownFileType = sourcecode.swift; path = todoTests.swift; sourceTree = "<group>"; };
		ADB60A1923A550E000334C64 /* Info.plist */ = {isa = PBXFileReference; lastKnownFileType = text.plist.xml; path = Info.plist; sourceTree = "<group>"; };
		ADB60A1E23A550E000334C64 /* todoUITests.xctest */ = {isa = PBXFileReference; explicitFileType = wrapper.cfbundle; includeInIndex = 0; path = todoUITests.xctest; sourceTree = BUILT_PRODUCTS_DIR; };
		ADB60A2223A550E000334C64 /* todoUITests.swift */ = {isa = PBXFileReference; lastKnownFileType = sourcecode.swift; path = todoUITests.swift; sourceTree = "<group>"; };
		ADB60A2423A550E000334C64 /* Info.plist */ = {isa = PBXFileReference; lastKnownFileType = text.plist.xml; path = Info.plist; sourceTree = "<group>"; };
/* End PBXFileReference section */

/* Begin PBXFrameworksBuildPhase section */
		ADB609F723A550DB00334C64 /* Frameworks */ = {
			isa = PBXFrameworksBuildPhase;
			buildActionMask = 2147483647;
			files = (
			);
			runOnlyForDeploymentPostprocessing = 0;
		};
		ADB60A1023A550E000334C64 /* Frameworks */ = {
			isa = PBXFrameworksBuildPhase;
			buildActionMask = 2147483647;
			files = (
			);
			runOnlyForDeploymentPostprocessing = 0;
		};
		ADB60A1B23A550E000334C64 /* Frameworks */ = {
			isa = PBXFrameworksBuildPhase;
			buildActionMask = 2147483647;
			files = (
			);
			runOnlyForDeploymentPostprocessing = 0;
		};
/* End PBXFrameworksBuildPhase section */

/* Begin PBXGroup section */
		6109A0E823E0152D00A6F8E0 /* address */ = {
			isa = PBXGroup;
			children = (
				61E2C24023E0087E00EA331C /* ContentViewAdvance.swift */,
				6109A0E923E0155700A6F8E0 /* adresss.swift */,
			);
			path = address;
			sourceTree = "<group>";
		};
		6109A0EF23E0380100A6F8E0 /* Home */ = {
			isa = PBXGroup;
			children = (
				6109A0F023E0381200A6F8E0 /* home.swift */,
				6128480123E1821E0084DAD2 /* detailview.swift */,
				613D690E23E16A4600EC8D2D /* cardview.swift */,
			);
			path = Home;
			sourceTree = "<group>";
		};
		61E2C22623DEEDAE00EA331C /* WebServive */ = {
			isa = PBXGroup;
			children = (
				613D690A23E1686300EC8D2D /* Webservice.swift */,
				613D690C23E1689000EC8D2D /* user.swift */,
			);
			path = WebServive;
			sourceTree = "<group>";
		};
		61E2C23523DF038900EA331C /* Todo */ = {
			isa = PBXGroup;
			children = (
				61E2C22423DEE9F500EA331C /* todo.swift */,
				ADB60A0123A550DB00334C64 /* todo.xcdatamodeld */,
			);
			path = Todo;
			sourceTree = "<group>";
		};
		ADB609F123A550DB00334C64 = {
			isa = PBXGroup;
			children = (
				ADB609FC23A550DB00334C64 /* todo */,
				ADB60A1623A550E000334C64 /* todoTests */,
				ADB60A2123A550E000334C64 /* todoUITests */,
				ADB609FB23A550DB00334C64 /* Products */,
			);
			sourceTree = "<group>";
		};
		ADB609FB23A550DB00334C64 /* Products */ = {
			isa = PBXGroup;
			children = (
				ADB609FA23A550DB00334C64 /* Beta Konfeksiyon.app */,
				ADB60A1323A550E000334C64 /* todoTests.xctest */,
				ADB60A1E23A550E000334C64 /* todoUITests.xctest */,
			);
			name = Products;
			sourceTree = "<group>";
		};
		ADB609FC23A550DB00334C64 /* todo */ = {
			isa = PBXGroup;
			children = (
				ADB609FD23A550DB00334C64 /* AppDelegate.swift */,
				ADB609FF23A550DB00334C64 /* SceneDelegate.swift */,
				ADB60A0423A550DB00334C64 /* ContentView.swift */,
				ADB60A0623A550E000334C64 /* Assets.xcassets */,
				612F21A223E41543008871BD /* mert.png */,
				61E2C23623DF084B00EA331C /* Launch Screen.storyboard */,
				ADB60A0E23A550E000334C64 /* Info.plist */,
				6109A0EF23E0380100A6F8E0 /* Home */,
				6109A0E823E0152D00A6F8E0 /* address */,
				61E2C23523DF038900EA331C /* Todo */,
				61E2C22623DEEDAE00EA331C /* WebServive */,
				ADB60A0823A550E000334C64 /* Preview Content */,
			);
			path = todo;
			sourceTree = "<group>";
		};
		ADB60A0823A550E000334C64 /* Preview Content */ = {
			isa = PBXGroup;
			children = (
				ADB60A0923A550E000334C64 /* Preview Assets.xcassets */,
			);
			path = "Preview Content";
			sourceTree = "<group>";
		};
		ADB60A1623A550E000334C64 /* todoTests */ = {
			isa = PBXGroup;
			children = (
				ADB60A1723A550E000334C64 /* todoTests.swift */,
				ADB60A1923A550E000334C64 /* Info.plist */,
			);
			path = todoTests;
			sourceTree = "<group>";
		};
		ADB60A2123A550E000334C64 /* todoUITests */ = {
			isa = PBXGroup;
			children = (
				ADB60A2223A550E000334C64 /* todoUITests.swift */,
				ADB60A2423A550E000334C64 /* Info.plist */,
			);
			path = todoUITests;
			sourceTree = "<group>";
		};
/* End PBXGroup section */

/* Begin PBXNativeTarget section */
		ADB609F923A550DB00334C64 /* todo */ = {
			isa = PBXNativeTarget;
			buildConfigurationList = ADB60A2723A550E000334C64 /* Build configuration list for PBXNativeTarget "todo" */;
			buildPhases = (
				ADB609F623A550DB00334C64 /* Sources */,
				ADB609F723A550DB00334C64 /* Frameworks */,
				ADB609F823A550DB00334C64 /* Resources */,
			);
			buildRules = (
			);
			dependencies = (
			);
			name = todo;
			productName = todo;
			productReference = ADB609FA23A550DB00334C64 /* Beta Konfeksiyon.app */;
			productType = "com.apple.product-type.application";
		};
		ADB60A1223A550E000334C64 /* todoTests */ = {
			isa = PBXNativeTarget;
			buildConfigurationList = ADB60A2A23A550E000334C64 /* Build configuration list for PBXNativeTarget "todoTests" */;
			buildPhases = (
				ADB60A0F23A550E000334C64 /* Sources */,
				ADB60A1023A550E000334C64 /* Frameworks */,
				ADB60A1123A550E000334C64 /* Resources */,
			);
			buildRules = (
			);
			dependencies = (
				ADB60A1523A550E000334C64 /* PBXTargetDependency */,
			);
			name = todoTests;
			productName = todoTests;
			productReference = ADB60A1323A550E000334C64 /* todoTests.xctest */;
			productType = "com.apple.product-type.bundle.unit-test";
		};
		ADB60A1D23A550E000334C64 /* todoUITests */ = {
			isa = PBXNativeTarget;
			buildConfigurationList = ADB60A2D23A550E000334C64 /* Build configuration list for PBXNativeTarget "todoUITests" */;
			buildPhases = (
				ADB60A1A23A550E000334C64 /* Sources */,
				ADB60A1B23A550E000334C64 /* Frameworks */,
				ADB60A1C23A550E000334C64 /* Resources */,
			);
			buildRules = (
			);
			dependencies = (
				ADB60A2023A550E000334C64 /* PBXTargetDependency */,
			);
			name = todoUITests;
			productName = todoUITests;
			productReference = ADB60A1E23A550E000334C64 /* todoUITests.xctest */;
			productType = "com.apple.product-type.bundle.ui-testing";
		};
/* End PBXNativeTarget section */

/* Begin PBXProject section */
		ADB609F223A550DB00334C64 /* Project object */ = {
			isa = PBXProject;
			attributes = {
				LastSwiftUpdateCheck = 1110;
				LastUpgradeCheck = 1110;
				ORGANIZATIONNAME = Balaji;
				TargetAttributes = {
					ADB609F923A550DB00334C64 = {
						CreatedOnToolsVersion = 11.1;
					};
					ADB60A1223A550E000334C64 = {
						CreatedOnToolsVersion = 11.1;
						TestTargetID = ADB609F923A550DB00334C64;
					};
					ADB60A1D23A550E000334C64 = {
						CreatedOnToolsVersion = 11.1;
						TestTargetID = ADB609F923A550DB00334C64;
					};
				};
			};
			buildConfigurationList = ADB609F523A550DB00334C64 /* Build configuration list for PBXProject "todo" */;
			compatibilityVersion = "Xcode 9.3";
			developmentRegion = en;
			hasScannedForEncodings = 0;
			knownRegions = (
				en,
				Base,
			);
			mainGroup = ADB609F123A550DB00334C64;
			productRefGroup = ADB609FB23A550DB00334C64 /* Products */;
			projectDirPath = "";
			projectRoot = "";
			targets = (
				ADB609F923A550DB00334C64 /* todo */,
				ADB60A1223A550E000334C64 /* todoTests */,
				ADB60A1D23A550E000334C64 /* todoUITests */,
			);
		};
/* End PBXProject section */

/* Begin PBXResourcesBuildPhase section */
		ADB609F823A550DB00334C64 /* Resources */ = {
			isa = PBXResourcesBuildPhase;
			buildActionMask = 2147483647;
			files = (
				61E2C23723DF084B00EA331C /* Launch Screen.storyboard in Resources */,
				ADB60A0A23A550E000334C64 /* Preview Assets.xcassets in Resources */,
				ADB60A0723A550E000334C64 /* Assets.xcassets in Resources */,
				612F21A323E41543008871BD /* mert.png in Resources */,
			);
			runOnlyForDeploymentPostprocessing = 0;
		};
		ADB60A1123A550E000334C64 /* Resources */ = {
			isa = PBXResourcesBuildPhase;
			buildActionMask = 2147483647;
			files = (
			);
			runOnlyForDeploymentPostprocessing = 0;
		};
		ADB60A1C23A550E000334C64 /* Resources */ = {
			isa = PBXResourcesBuildPhase;
			buildActionMask = 2147483647;
			files = (
			);
			runOnlyForDeploymentPostprocessing = 0;
		};
/* End PBXResourcesBuildPhase section */

/* Begin PBXSourcesBuildPhase section */
		ADB609F623A550DB00334C64 /* Sources */ = {
			isa = PBXSourcesBuildPhase;
			buildActionMask = 2147483647;
			files = (
				613D690D23E1689000EC8D2D /* user.swift in Sources */,
				ADB609FE23A550DB00334C64 /* AppDelegate.swift in Sources */,
				6128480223E1821E0084DAD2 /* detailview.swift in Sources */,
				ADB60A0023A550DB00334C64 /* SceneDelegate.swift in Sources */,
				6109A0F123E0381200A6F8E0 /* home.swift in Sources */,
				61E2C24123E0087E00EA331C /* ContentViewAdvance.swift in Sources */,
				ADB60A0523A550DB00334C64 /* ContentView.swift in Sources */,
				613D690F23E16A4600EC8D2D /* cardview.swift in Sources */,
				613D690B23E1686300EC8D2D /* Webservice.swift in Sources */,
				6109A0EA23E0155700A6F8E0 /* adresss.swift in Sources */,
				61E2C22523DEE9F500EA331C /* todo.swift in Sources */,
				ADB60A0323A550DB00334C64 /* todo.xcdatamodeld in Sources */,
			);
			runOnlyForDeploymentPostprocessing = 0;
		};
		ADB60A0F23A550E000334C64 /* Sources */ = {
			isa = PBXSourcesBuildPhase;
			buildActionMask = 2147483647;
			files = (
				ADB60A1823A550E000334C64 /* todoTests.swift in Sources */,
			);
			runOnlyForDeploymentPostprocessing = 0;
		};
		ADB60A1A23A550E000334C64 /* Sources */ = {
			isa = PBXSourcesBuildPhase;
			buildActionMask = 2147483647;
			files = (
				ADB60A2323A550E000334C64 /* todoUITests.swift in Sources */,
			);
			runOnlyForDeploymentPostprocessing = 0;
		};
/* End PBXSourcesBuildPhase section */

/* Begin PBXTargetDependency section */
		ADB60A1523A550E000334C64 /* PBXTargetDependency */ = {
			isa = PBXTargetDependency;
			target = ADB609F923A550DB00334C64 /* todo */;
			targetProxy = ADB60A1423A550E000334C64 /* PBXContainerItemProxy */;
		};
		ADB60A2023A550E000334C64 /* PBXTargetDependency */ = {
			isa = PBXTargetDependency;
			target = ADB609F923A550DB00334C64 /* todo */;
			targetProxy = ADB60A1F23A550E000334C64 /* PBXContainerItemProxy */;
		};
/* End PBXTargetDependency section */

/* Begin XCBuildConfiguration section */
		ADB60A2523A550E000334C64 /* Debug */ = {
			isa = XCBuildConfiguration;
			buildSettings = {
				ALWAYS_SEARCH_USER_PATHS = NO;
				CLANG_ANALYZER_NONNULL = YES;
				CLANG_ANALYZER_NUMBER_OBJECT_CONVERSION = YES_AGGRESSIVE;
				CLANG_CXX_LANGUAGE_STANDARD = "gnu++14";
				CLANG_CXX_LIBRARY = "libc++";
				CLANG_ENABLE_MODULES = YES;
				CLANG_ENABLE_OBJC_ARC = YES;
				CLANG_ENABLE_OBJC_WEAK = YES;
				CLANG_WARN_BLOCK_CAPTURE_AUTORELEASING = YES;
				CLANG_WARN_BOOL_CONVERSION = YES;
				CLANG_WARN_COMMA = YES;
				CLANG_WARN_CONSTANT_CONVERSION = YES;
				CLANG_WARN_DEPRECATED_OBJC_IMPLEMENTATIONS = YES;
				CLANG_WARN_DIRECT_OBJC_ISA_USAGE = YES_ERROR;
				CLANG_WARN_DOCUMENTATION_COMMENTS = YES;
				CLANG_WARN_EMPTY_BODY = YES;
				CLANG_WARN_ENUM_CONVERSION = YES;
				CLANG_WARN_INFINITE_RECURSION = YES;
				CLANG_WARN_INT_CONVERSION = YES;
				CLANG_WARN_NON_LITERAL_NULL_CONVERSION = YES;
				CLANG_WARN_OBJC_IMPLICIT_RETAIN_SELF = YES;
				CLANG_WARN_OBJC_LITERAL_CONVERSION = YES;
				CLANG_WARN_OBJC_ROOT_CLASS = YES_ERROR;
				CLANG_WARN_RANGE_LOOP_ANALYSIS = YES;
				CLANG_WARN_STRICT_PROTOTYPES = YES;
				CLANG_WARN_SUSPICIOUS_MOVE = YES;
				CLANG_WARN_UNGUARDED_AVAILABILITY = YES_AGGRESSIVE;
				CLANG_WARN_UNREACHABLE_CODE = YES;
				CLANG_WARN__DUPLICATE_METHOD_MATCH = YES;
				COPY_PHASE_STRIP = NO;
				DEBUG_INFORMATION_FORMAT = dwarf;
				ENABLE_STRICT_OBJC_MSGSEND = YES;
				ENABLE_TESTABILITY = YES;
				GCC_C_LANGUAGE_STANDARD = gnu11;
				GCC_DYNAMIC_NO_PIC = NO;
				GCC_NO_COMMON_BLOCKS = YES;
				GCC_OPTIMIZATION_LEVEL = 0;
				GCC_PREPROCESSOR_DEFINITIONS = (
					"DEBUG=1",
					"$(inherited)",
				);
				GCC_WARN_64_TO_32_BIT_CONVERSION = YES;
				GCC_WARN_ABOUT_RETURN_TYPE = YES_ERROR;
				GCC_WARN_UNDECLARED_SELECTOR = YES;
				GCC_WARN_UNINITIALIZED_AUTOS = YES_AGGRESSIVE;
				GCC_WARN_UNUSED_FUNCTION = YES;
				GCC_WARN_UNUSED_VARIABLE = YES;
				IPHONEOS_DEPLOYMENT_TARGET = 13.1;
				MTL_ENABLE_DEBUG_INFO = INCLUDE_SOURCE;
				MTL_FAST_MATH = YES;
				ONLY_ACTIVE_ARCH = YES;
				SDKROOT = iphoneos;
				SWIFT_ACTIVE_COMPILATION_CONDITIONS = DEBUG;
				SWIFT_OPTIMIZATION_LEVEL = "-Onone";
			};
			name = Debug;
		};
		ADB60A2623A550E000334C64 /* Release */ = {
			isa = XCBuildConfiguration;
			buildSettings = {
				ALWAYS_SEARCH_USER_PATHS = NO;
				CLANG_ANALYZER_NONNULL = YES;
				CLANG_ANALYZER_NUMBER_OBJECT_CONVERSION = YES_AGGRESSIVE;
				CLANG_CXX_LANGUAGE_STANDARD = "gnu++14";
				CLANG_CXX_LIBRARY = "libc++";
				CLANG_ENABLE_MODULES = YES;
				CLANG_ENABLE_OBJC_ARC = YES;
				CLANG_ENABLE_OBJC_WEAK = YES;
				CLANG_WARN_BLOCK_CAPTURE_AUTORELEASING = YES;
				CLANG_WARN_BOOL_CONVERSION = YES;
				CLANG_WARN_COMMA = YES;
				CLANG_WARN_CONSTANT_CONVERSION = YES;
				CLANG_WARN_DEPRECATED_OBJC_IMPLEMENTATIONS = YES;
				CLANG_WARN_DIRECT_OBJC_ISA_USAGE = YES_ERROR;
				CLANG_WARN_DOCUMENTATION_COMMENTS = YES;
				CLANG_WARN_EMPTY_BODY = YES;
				CLANG_WARN_ENUM_CONVERSION = YES;
				CLANG_WARN_INFINITE_RECURSION = YES;
				CLANG_WARN_INT_CONVERSION = YES;
				CLANG_WARN_NON_LITERAL_NULL_CONVERSION = YES;
				CLANG_WARN_OBJC_IMPLICIT_RETAIN_SELF = YES;
				CLANG_WARN_OBJC_LITERAL_CONVERSION = YES;
				CLANG_WARN_OBJC_ROOT_CLASS = YES_ERROR;
				CLANG_WARN_RANGE_LOOP_ANALYSIS = YES;
				CLANG_WARN_STRICT_PROTOTYPES = YES;
				CLANG_WARN_SUSPICIOUS_MOVE = YES;
				CLANG_WARN_UNGUARDED_AVAILABILITY = YES_AGGRESSIVE;
				CLANG_WARN_UNREACHABLE_CODE = YES;
				CLANG_WARN__DUPLICATE_METHOD_MATCH = YES;
				COPY_PHASE_STRIP = NO;
				DEBUG_INFORMATION_FORMAT = "dwarf-with-dsym";
				ENABLE_NS_ASSERTIONS = NO;
				ENABLE_STRICT_OBJC_MSGSEND = YES;
				GCC_C_LANGUAGE_STANDARD = gnu11;
				GCC_NO_COMMON_BLOCKS = YES;
				GCC_WARN_64_TO_32_BIT_CONVERSION = YES;
				GCC_WARN_ABOUT_RETURN_TYPE = YES_ERROR;
				GCC_WARN_UNDECLARED_SELECTOR = YES;
				GCC_WARN_UNINITIALIZED_AUTOS = YES_AGGRESSIVE;
				GCC_WARN_UNUSED_FUNCTION = YES;
				GCC_WARN_UNUSED_VARIABLE = YES;
				IPHONEOS_DEPLOYMENT_TARGET = 13.1;
				MTL_ENABLE_DEBUG_INFO = NO;
				MTL_FAST_MATH = YES;
				SDKROOT = iphoneos;
				SWIFT_COMPILATION_MODE = wholemodule;
				SWIFT_OPTIMIZATION_LEVEL = "-O";
				VALIDATE_PRODUCT = YES;
			};
			name = Release;
		};
		ADB60A2823A550E000334C64 /* Debug */ = {
			isa = XCBuildConfiguration;
			buildSettings = {
				ASSETCATALOG_COMPILER_APPICON_NAME = AppIcon;
				CODE_SIGN_STYLE = Automatic;
				DEVELOPMENT_ASSET_PATHS = "\"todo/Preview Content\"";
				DEVELOPMENT_TEAM = 9XV45R93RX;
				ENABLE_PREVIEWS = YES;
				INFOPLIST_FILE = todo/Info.plist;
				LD_RUNPATH_SEARCH_PATHS = (
					"$(inherited)",
					"@executable_path/Frameworks",
				);
				PRODUCT_BUNDLE_IDENTIFIER = mertala.todo;
				PRODUCT_NAME = "Beta Konfeksiyon";
				SWIFT_VERSION = 5.0;
				TARGETED_DEVICE_FAMILY = "1,2";
			};
			name = Debug;
		};
		ADB60A2923A550E000334C64 /* Release */ = {
			isa = XCBuildConfiguration;
			buildSettings = {
				ASSETCATALOG_COMPILER_APPICON_NAME = AppIcon;
				CODE_SIGN_STYLE = Automatic;
				DEVELOPMENT_ASSET_PATHS = "\"todo/Preview Content\"";
				DEVELOPMENT_TEAM = 9XV45R93RX;
				ENABLE_PREVIEWS = YES;
				INFOPLIST_FILE = todo/Info.plist;
				LD_RUNPATH_SEARCH_PATHS = (
					"$(inherited)",
					"@executable_path/Frameworks",
				);
				PRODUCT_BUNDLE_IDENTIFIER = mertala.todo;
				PRODUCT_NAME = "Beta Konfeksiyon";
				SWIFT_VERSION = 5.0;
				TARGETED_DEVICE_FAMILY = "1,2";
			};
			name = Release;
		};
		ADB60A2B23A550E000334C64 /* Debug */ = {
			isa = XCBuildConfiguration;
			buildSettings = {
				ALWAYS_EMBED_SWIFT_STANDARD_LIBRARIES = YES;
				BUNDLE_LOADER = "$(TEST_HOST)";
				CODE_SIGN_STYLE = Automatic;
				INFOPLIST_FILE = todoTests/Info.plist;
				IPHONEOS_DEPLOYMENT_TARGET = 13.1;
				LD_RUNPATH_SEARCH_PATHS = (
					"$(inherited)",
					"@executable_path/Frameworks",
					"@loader_path/Frameworks",
				);
				PRODUCT_BUNDLE_IDENTIFIER = Kavsoft.todoTests;
				PRODUCT_NAME = "$(TARGET_NAME)";
				SWIFT_VERSION = 5.0;
				TARGETED_DEVICE_FAMILY = "1,2";
				TEST_HOST = "$(BUILT_PRODUCTS_DIR)/todo.app/todo";
			};
			name = Debug;
		};
		ADB60A2C23A550E000334C64 /* Release */ = {
			isa = XCBuildConfiguration;
			buildSettings = {
				ALWAYS_EMBED_SWIFT_STANDARD_LIBRARIES = YES;
				BUNDLE_LOADER = "$(TEST_HOST)";
				CODE_SIGN_STYLE = Automatic;
				INFOPLIST_FILE = todoTests/Info.plist;
				IPHONEOS_DEPLOYMENT_TARGET = 13.1;
				LD_RUNPATH_SEARCH_PATHS = (
					"$(inherited)",
					"@executable_path/Frameworks",
					"@loader_path/Frameworks",
				);
				PRODUCT_BUNDLE_IDENTIFIER = Kavsoft.todoTests;
				PRODUCT_NAME = "$(TARGET_NAME)";
				SWIFT_VERSION = 5.0;
				TARGETED_DEVICE_FAMILY = "1,2";
				TEST_HOST = "$(BUILT_PRODUCTS_DIR)/todo.app/todo";
			};
			name = Release;
		};
		ADB60A2E23A550E000334C64 /* Debug */ = {
			isa = XCBuildConfiguration;
			buildSettings = {
				ALWAYS_EMBED_SWIFT_STANDARD_LIBRARIES = YES;
				CODE_SIGN_STYLE = Automatic;
				INFOPLIST_FILE = todoUITests/Info.plist;
				LD_RUNPATH_SEARCH_PATHS = (
					"$(inherited)",
					"@executable_path/Frameworks",
					"@loader_path/Frameworks",
				);
				PRODUCT_BUNDLE_IDENTIFIER = Kavsoft.todoUITests;
				PRODUCT_NAME = "$(TARGET_NAME)";
				SWIFT_VERSION = 5.0;
				TARGETED_DEVICE_FAMILY = "1,2";
				TEST_TARGET_NAME = todo;
			};
			name = Debug;
		};
		ADB60A2F23A550E000334C64 /* Release */ = {
			isa = XCBuildConfiguration;
			buildSettings = {
				ALWAYS_EMBED_SWIFT_STANDARD_LIBRARIES = YES;
				CODE_SIGN_STYLE = Automatic;
				INFOPLIST_FILE = todoUITests/Info.plist;
				LD_RUNPATH_SEARCH_PATHS = (
					"$(inherited)",
					"@executable_path/Frameworks",
					"@loader_path/Frameworks",
				);
				PRODUCT_BUNDLE_IDENTIFIER = Kavsoft.todoUITests;
				PRODUCT_NAME = "$(TARGET_NAME)";
				SWIFT_VERSION = 5.0;
				TARGETED_DEVICE_FAMILY = "1,2";
				TEST_TARGET_NAME = todo;
			};
			name = Release;
		};
/* End XCBuildConfiguration section */

/* Begin XCConfigurationList section */
		ADB609F523A550DB00334C64 /* Build configuration list for PBXProject "todo" */ = {
			isa = XCConfigurationList;
			buildConfigurations = (
				ADB60A2523A550E000334C64 /* Debug */,
				ADB60A2623A550E000334C64 /* Release */,
			);
			defaultConfigurationIsVisible = 0;
			defaultConfigurationName = Release;
		};
		ADB60A2723A550E000334C64 /* Build configuration list for PBXNativeTarget "todo" */ = {
			isa = XCConfigurationList;
			buildConfigurations = (
				ADB60A2823A550E000334C64 /* Debug */,
				ADB60A2923A550E000334C64 /* Release */,
			);
			defaultConfigurationIsVisible = 0;
			defaultConfigurationName = Release;
		};
		ADB60A2A23A550E000334C64 /* Build configuration list for PBXNativeTarget "todoTests" */ = {
			isa = XCConfigurationList;
			buildConfigurations = (
				ADB60A2B23A550E000334C64 /* Debug */,
				ADB60A2C23A550E000334C64 /* Release */,
			);
			defaultConfigurationIsVisible = 0;
			defaultConfigurationName = Release;
		};
		ADB60A2D23A550E000334C64 /* Build configuration list for PBXNativeTarget "todoUITests" */ = {
			isa = XCConfigurationList;
			buildConfigurations = (
				ADB60A2E23A550E000334C64 /* Debug */,
				ADB60A2F23A550E000334C64 /* Release */,
			);
			defaultConfigurationIsVisible = 0;
			defaultConfigurationName = Release;
		};
/* End XCConfigurationList section */

/* Begin XCVersionGroup section */
		ADB60A0123A550DB00334C64 /* todo.xcdatamodeld */ = {
			isa = XCVersionGroup;
			children = (
				ADB60A0223A550DB00334C64 /* todo.xcdatamodel */,
			);
			currentVersion = ADB60A0223A550DB00334C64 /* todo.xcdatamodel */;
			path = todo.xcdatamodeld;
			sourceTree = "<group>";
			versionGroupType = wrapper.xcdatamodel;
		};
/* End XCVersionGroup section */
	};
	rootObject = ADB609F223A550DB00334C64 /* Project object */;
}
